PODS:
  - Firebase/Analytics (6.22.0):
    - Firebase/Core
  - Firebase/Core (6.22.0):
    - Firebase/CoreOnly
    - FirebaseAnalytics (= 6.4.1)
  - Firebase/CoreOnly (6.22.0):
    - FirebaseCore (= 6.6.6)
  - Firebase/MLCommon (6.22.0):
    - Firebase/CoreOnly
    - FirebaseMLCommon (~> 0.19.0)
  - Firebase/MLVision (6.22.0):
    - Firebase/CoreOnly
    - FirebaseMLVision (~> 0.19.0)
  - Firebase/MLVisionObjectDetection (6.22.0):
    - Firebase/CoreOnly
    - FirebaseMLVisionObjectDetection (~> 0.19.0)
  - FirebaseAnalytics (6.4.1):
    - FirebaseCore (~> 6.6)
    - FirebaseInstallations (~> 1.1)
    - GoogleAppMeasurement (= 6.4.1)
    - GoogleUtilities/AppDelegateSwizzler (~> 6.0)
    - GoogleUtilities/MethodSwizzler (~> 6.0)
    - GoogleUtilities/Network (~> 6.0)
    - "GoogleUtilities/NSData+zlib (~> 6.0)"
    - nanopb (= 0.3.9011)
  - FirebaseCore (6.6.6):
    - FirebaseCoreDiagnostics (~> 1.2)
    - FirebaseCoreDiagnosticsInterop (~> 1.2)
    - GoogleUtilities/Environment (~> 6.5)
    - GoogleUtilities/Logger (~> 6.5)
  - FirebaseCoreDiagnostics (1.2.3):
    - FirebaseCoreDiagnosticsInterop (~> 1.2)
    - GoogleDataTransportCCTSupport (~> 2.0)
    - GoogleUtilities/Environment (~> 6.5)
    - GoogleUtilities/Logger (~> 6.5)
    - nanopb (~> 0.3.901)
  - FirebaseCoreDiagnosticsInterop (1.2.0)
  - FirebaseInstallations (1.1.1):
    - FirebaseCore (~> 6.6)
    - GoogleUtilities/UserDefaults (~> 6.5)
    - PromisesObjC (~> 1.2)
  - FirebaseInstanceID (4.3.3):
    - FirebaseCore (~> 6.6)
    - FirebaseInstallations (~> 1.0)
    - GoogleUtilities/Environment (~> 6.5)
    - GoogleUtilities/UserDefaults (~> 6.5)
  - FirebaseMLCommon (0.19.0):
    - FirebaseCore (~> 6.3)
    - FirebaseInstanceID (~> 4.2)
    - GoogleToolboxForMac/Logger (~> 2.1)
    - "GoogleToolboxForMac/NSData+zlib (~> 2.1)"
    - "GoogleToolboxForMac/NSDictionary+URLArguments (~> 2.1)"
    - GoogleUtilities/UserDefaults (~> 6.0)
    - GTMSessionFetcher/Core (~> 1.1)
    - Protobuf (~> 3.5)
  - FirebaseMLVision (0.19.0):
    - FirebaseCore (~> 6.3)
    - FirebaseMLCommon (~> 0.19)
    - GoogleAPIClientForREST/Core (~> 1.3)
    - GoogleAPIClientForREST/Vision (~> 1.3)
    - GoogleToolboxForMac/Logger (~> 2.1)
    - "GoogleToolboxForMac/NSData+zlib (~> 2.1)"
    - GTMSessionFetcher/Core (~> 1.1)
    - Protobuf (~> 3.5)
  - FirebaseMLVisionObjectDetection (0.19.0):
    - FirebaseMLVision (~> 0.19)
  - GoogleAPIClientForREST/Core (1.3.11):
    - GTMSessionFetcher (>= 1.1.7)
  - GoogleAPIClientForREST/Vision (1.3.11):
    - GoogleAPIClientForREST/Core
    - GTMSessionFetcher (>= 1.1.7)
  - GoogleAppMeasurement (6.4.1):
    - GoogleUtilities/AppDelegateSwizzler (~> 6.0)
    - GoogleUtilities/MethodSwizzler (~> 6.0)
    - GoogleUtilities/Network (~> 6.0)
    - "GoogleUtilities/NSData+zlib (~> 6.0)"
    - nanopb (= 0.3.9011)
  - GoogleDataTransport (5.1.1)
  - GoogleDataTransportCCTSupport (2.0.3):
    - GoogleDataTransport (~> 5.1)
    - nanopb (~> 0.3.901)
  - GoogleToolboxForMac/DebugUtils (2.2.2):
    - GoogleToolboxForMac/Defines (= 2.2.2)
  - GoogleToolboxForMac/Defines (2.2.2)
  - GoogleToolboxForMac/Logger (2.2.2):
    - GoogleToolboxForMac/Defines (= 2.2.2)
  - "GoogleToolboxForMac/NSData+zlib (2.2.2)":
    - GoogleToolboxForMac/Defines (= 2.2.2)
  - "GoogleToolboxForMac/NSDictionary+URLArguments (2.2.2)":
    - GoogleToolboxForMac/DebugUtils (= 2.2.2)
    - GoogleToolboxForMac/Defines (= 2.2.2)
    - "GoogleToolboxForMac/NSString+URLArguments (= 2.2.2)"
  - "GoogleToolboxForMac/NSString+URLArguments (2.2.2)"
  - GoogleUtilities/AppDelegateSwizzler (6.5.2):
    - GoogleUtilities/Environment
    - GoogleUtilities/Logger
    - GoogleUtilities/Network
  - GoogleUtilities/Environment (6.5.2)
  - GoogleUtilities/Logger (6.5.2):
    - GoogleUtilities/Environment
  - GoogleUtilities/MethodSwizzler (6.5.2):
    - GoogleUtilities/Logger
  - GoogleUtilities/Network (6.5.2):
    - GoogleUtilities/Logger
    - "GoogleUtilities/NSData+zlib"
    - GoogleUtilities/Reachability
  - "GoogleUtilities/NSData+zlib (6.5.2)"
  - GoogleUtilities/Reachability (6.5.2):
    - GoogleUtilities/Logger
  - GoogleUtilities/UserDefaults (6.5.2):
    - GoogleUtilities/Logger
  - GTMSessionFetcher (1.3.1):
    - GTMSessionFetcher/Full (= 1.3.1)
  - GTMSessionFetcher/Core (1.3.1)
  - GTMSessionFetcher/Full (1.3.1):
    - GTMSessionFetcher/Core (= 1.3.1)
  - MaterialComponents (108.1.0):
    - MaterialComponents/ActionSheet (= 108.1.0)
    - "MaterialComponents/ActionSheet+Theming (= 108.1.0)"
    - MaterialComponents/ActivityIndicator (= 108.1.0)
    - MaterialComponents/AnimationTiming (= 108.1.0)
    - MaterialComponents/AppBar (= 108.1.0)
    - "MaterialComponents/AppBar+ColorThemer (= 108.1.0)"
    - "MaterialComponents/AppBar+Theming (= 108.1.0)"
    - "MaterialComponents/AppBar+TypographyThemer (= 108.1.0)"
    - MaterialComponents/Availability (= 108.1.0)
    - MaterialComponents/Banner (= 108.1.0)
    - "MaterialComponents/Banner+Theming (= 108.1.0)"
    - MaterialComponents/BottomAppBar (= 108.1.0)
    - MaterialComponents/BottomNavigation (= 108.1.0)
    - "MaterialComponents/BottomNavigation+Theming (= 108.1.0)"
    - MaterialComponents/BottomSheet (= 108.1.0)
    - "MaterialComponents/BottomSheet+ShapeThemer (= 108.1.0)"
    - MaterialComponents/ButtonBar (= 108.1.0)
    - MaterialComponents/Buttons (= 108.1.0)
    - "MaterialComponents/Buttons+ButtonThemer (= 108.1.0)"
    - "MaterialComponents/Buttons+ColorThemer (= 108.1.0)"
    - "MaterialComponents/Buttons+ShapeThemer (= 108.1.0)"
    - "MaterialComponents/Buttons+Theming (= 108.1.0)"
    - "MaterialComponents/Buttons+TitleColorAccessibilityMutator (= 108.1.0)"
    - "MaterialComponents/Buttons+TypographyThemer (= 108.1.0)"
    - MaterialComponents/Cards (= 108.1.0)
    - "MaterialComponents/Cards+Theming (= 108.1.0)"
    - MaterialComponents/Chips (= 108.1.0)
    - "MaterialComponents/Chips+Theming (= 108.1.0)"
    - MaterialComponents/CollectionCells (= 108.1.0)
    - MaterialComponents/CollectionLayoutAttributes (= 108.1.0)
    - MaterialComponents/Collections (= 108.1.0)
    - MaterialComponents/Dialogs (= 108.1.0)
    - "MaterialComponents/Dialogs+ColorThemer (= 108.1.0)"
    - "MaterialComponents/Dialogs+Theming (= 108.1.0)"
    - "MaterialComponents/Dialogs+TypographyThemer (= 108.1.0)"
    - MaterialComponents/Elevation (= 108.1.0)
    - MaterialComponents/FeatureHighlight (= 108.1.0)
    - "MaterialComponents/FeatureHighlight+ColorThemer (= 108.1.0)"
    - "MaterialComponents/FeatureHighlight+FeatureHighlightAccessibilityMutator (= 108.1.0)"
    - MaterialComponents/FlexibleHeader (= 108.1.0)
    - "MaterialComponents/FlexibleHeader+CanAlwaysExpandToMaximumHeight (= 108.1.0)"
    - MaterialComponents/HeaderStackView (= 108.1.0)
    - "MaterialComponents/HeaderStackView+ColorThemer (= 108.1.0)"
    - MaterialComponents/Ink (= 108.1.0)
    - MaterialComponents/LibraryInfo (= 108.1.0)
    - MaterialComponents/List (= 108.1.0)
    - "MaterialComponents/List+Theming (= 108.1.0)"
    - MaterialComponents/NavigationBar (= 108.1.0)
    - "MaterialComponents/NavigationBar+ColorThemer (= 108.1.0)"
    - "MaterialComponents/NavigationBar+TypographyThemer (= 108.1.0)"
    - MaterialComponents/NavigationDrawer (= 108.1.0)
    - "MaterialComponents/NavigationDrawer+ColorThemer (= 108.1.0)"
    - MaterialComponents/OverlayWindow (= 108.1.0)
    - MaterialComponents/PageControl (= 108.1.0)
    - MaterialComponents/Palettes (= 108.1.0)
    - MaterialComponents/private (= 108.1.0)
    - MaterialComponents/ProgressView (= 108.1.0)
    - "MaterialComponents/ProgressView+Theming (= 108.1.0)"
    - MaterialComponents/Ripple (= 108.1.0)
    - MaterialComponents/schemes (= 108.1.0)
    - MaterialComponents/ShadowElevations (= 108.1.0)
    - MaterialComponents/ShadowLayer (= 108.1.0)
    - MaterialComponents/ShapeLibrary (= 108.1.0)
    - MaterialComponents/Shapes (= 108.1.0)
    - MaterialComponents/Slider (= 108.1.0)
    - "MaterialComponents/Slider+ColorThemer (= 108.1.0)"
    - MaterialComponents/Snackbar (= 108.1.0)
    - "MaterialComponents/Snackbar+FontThemer (= 108.1.0)"
    - "MaterialComponents/Snackbar+TypographyThemer (= 108.1.0)"
    - MaterialComponents/Tabs (= 108.1.0)
    - "MaterialComponents/Tabs+Theming (= 108.1.0)"
    - "MaterialComponents/Tabs+TypographyThemer (= 108.1.0)"
    - "MaterialComponents/TextControls+BaseTextAreas (= 108.1.0)"
    - "MaterialComponents/TextControls+BaseTextFields (= 108.1.0)"
    - "MaterialComponents/TextControls+Enums (= 108.1.0)"
    - "MaterialComponents/TextControls+FilledTextAreas (= 108.1.0)"
    - "MaterialComponents/TextControls+FilledTextAreasTheming (= 108.1.0)"
    - "MaterialComponents/TextControls+FilledTextFields (= 108.1.0)"
    - "MaterialComponents/TextControls+FilledTextFieldsTheming (= 108.1.0)"
    - "MaterialComponents/TextControls+OutlinedTextAreas (= 108.1.0)"
    - "MaterialComponents/TextControls+OutlinedTextAreasTheming (= 108.1.0)"
    - "MaterialComponents/TextControls+OutlinedTextFields (= 108.1.0)"
    - "MaterialComponents/TextControls+OutlinedTextFieldsTheming (= 108.1.0)"
    - MaterialComponents/TextFields (= 108.1.0)
    - "MaterialComponents/TextFields+ColorThemer (= 108.1.0)"
    - "MaterialComponents/TextFields+Theming (= 108.1.0)"
    - MaterialComponents/Themes (= 108.1.0)
    - MaterialComponents/Typography (= 108.1.0)
  - MaterialComponents/ActionSheet (108.1.0):
    - MaterialComponents/Availability
    - MaterialComponents/BottomSheet
    - MaterialComponents/Elevation
    - MaterialComponents/Ink
    - MaterialComponents/private/Math
    - MaterialComponents/Ripple
    - MaterialComponents/ShadowElevations
    - MaterialComponents/Typography
  - "MaterialComponents/ActionSheet+Theming (108.1.0)":
    - MaterialComponents/ActionSheet
    - MaterialComponents/Availability
    - MaterialComponents/Elevation
    - MaterialComponents/private/Color
    - MaterialComponents/schemes/Container
    - MaterialComponents/ShadowElevations
  - MaterialComponents/ActivityIndicator (108.1.0):
    - MaterialComponents/Palettes
    - MaterialComponents/private/Application
    - MDFInternationalization
    - MotionAnimator (~> 2.0)
  - MaterialComponents/AnimationTiming (108.1.0)
  - MaterialComponents/AppBar (108.1.0):
    - MaterialComponents/FlexibleHeader
    - MaterialComponents/HeaderStackView
    - MaterialComponents/NavigationBar
    - MaterialComponents/private/Application
    - MaterialComponents/private/Icons/ic_arrow_back
    - MaterialComponents/private/UIMetrics
    - MaterialComponents/ShadowElevations
    - MaterialComponents/ShadowLayer
    - MaterialComponents/Typography
    - MDFInternationalization
  - "MaterialComponents/AppBar+ColorThemer (108.1.0)":
    - MaterialComponents/AppBar
    - "MaterialComponents/NavigationBar+ColorThemer"
    - MaterialComponents/Themes
  - "MaterialComponents/AppBar+Theming (108.1.0)":
    - MaterialComponents/AppBar
    - MaterialComponents/schemes/Container
  - "MaterialComponents/AppBar+TypographyThemer (108.1.0)":
    - MaterialComponents/AppBar
    - "MaterialComponents/NavigationBar+TypographyThemer"
  - MaterialComponents/Availability (108.1.0)
  - MaterialComponents/Banner (108.1.0):
    - MaterialComponents/Availability
    - MaterialComponents/Buttons
    - MaterialComponents/Elevation
    - MaterialComponents/Typography
  - "MaterialComponents/Banner+Theming (108.1.0)":
    - MaterialComponents/Banner
    - MaterialComponents/Buttons
    - "MaterialComponents/Buttons+Theming"
    - MaterialComponents/Elevation
    - MaterialComponents/schemes/Container
    - MaterialComponents/Typography
  - MaterialComponents/BottomAppBar (108.1.0):
    - MaterialComponents/Buttons
    - MaterialComponents/NavigationBar
    - MaterialComponents/private/Math
    - MDFInternationalization
  - MaterialComponents/BottomNavigation (108.1.0):
    - MaterialComponents/Availability
    - MaterialComponents/Elevation
    - MaterialComponents/Ink
    - MaterialComponents/Palettes
    - MaterialComponents/private/Math
    - MaterialComponents/Ripple
    - MaterialComponents/ShadowElevations
    - MaterialComponents/ShadowLayer
    - MaterialComponents/Typography
    - MDFInternationalization
  - "MaterialComponents/BottomNavigation+Theming (108.1.0)":
    - MaterialComponents/BottomNavigation
    - MaterialComponents/schemes/Color
    - MaterialComponents/schemes/Container
    - MaterialComponents/schemes/Typography
    - MaterialComponents/ShadowElevations
  - MaterialComponents/BottomSheet (108.1.0):
    - MaterialComponents/Elevation
    - MaterialComponents/private/KeyboardWatcher
    - MaterialComponents/private/Math
    - MaterialComponents/ShadowElevations
    - MaterialComponents/ShadowLayer
    - MaterialComponents/ShapeLibrary
    - MaterialComponents/Shapes
  - "MaterialComponents/BottomSheet+ShapeThemer (108.1.0)":
    - MaterialComponents/BottomSheet
    - MaterialComponents/schemes/Shape
  - MaterialComponents/ButtonBar (108.1.0):
    - MaterialComponents/Buttons
    - MaterialComponents/private/Application
    - MDFInternationalization
  - MaterialComponents/Buttons (108.1.0):
    - MaterialComponents/Elevation
    - MaterialComponents/Ink
    - MaterialComponents/private/Math
    - MaterialComponents/Ripple
    - MaterialComponents/ShadowElevations
    - MaterialComponents/ShadowLayer
    - MaterialComponents/Shapes
    - MaterialComponents/Typography
    - MDFInternationalization
    - MDFTextAccessibility
  - "MaterialComponents/Buttons+ButtonThemer (108.1.0)":
    - MaterialComponents/Buttons
    - "MaterialComponents/Buttons+ColorThemer"
    - "MaterialComponents/Buttons+ShapeThemer"
    - "MaterialComponents/Buttons+TypographyThemer"
    - MaterialComponents/Palettes
  - "MaterialComponents/Buttons+ColorThemer (108.1.0)":
    - MaterialComponents/Buttons
    - MaterialComponents/schemes/Color
  - "MaterialComponents/Buttons+ShapeThemer (108.1.0)":
    - MaterialComponents/Buttons
    - MaterialComponents/schemes/Shape
  - "MaterialComponents/Buttons+Theming (108.1.0)":
    - MaterialComponents/Buttons
    - "MaterialComponents/Buttons+ColorThemer"
    - "MaterialComponents/Buttons+ShapeThemer"
    - "MaterialComponents/Buttons+TypographyThemer"
    - MaterialComponents/schemes/Container
    - MaterialComponents/ShadowElevations
  - "MaterialComponents/Buttons+TitleColorAccessibilityMutator (108.1.0)":
    - MaterialComponents/Buttons
    - MDFTextAccessibility
  - "MaterialComponents/Buttons+TypographyThemer (108.1.0)":
    - MaterialComponents/Buttons
    - MaterialComponents/schemes/Typography
  - MaterialComponents/Cards (108.1.0):
    - MaterialComponents/Elevation
    - MaterialComponents/Ink
    - MaterialComponents/private/Icons/ic_check_circle
    - MaterialComponents/private/Math
    - MaterialComponents/Ripple
    - MaterialComponents/ShadowLayer
    - MaterialComponents/Shapes
  - "MaterialComponents/Cards+Theming (108.1.0)":
    - MaterialComponents/Cards
    - MaterialComponents/schemes/Container
  - MaterialComponents/Chips (108.1.0):
    - MaterialComponents/Elevation
    - MaterialComponents/Ink
    - MaterialComponents/private/Math
    - MaterialComponents/Ripple
    - MaterialComponents/ShadowElevations
    - MaterialComponents/ShadowLayer
    - MaterialComponents/ShapeLibrary
    - MaterialComponents/Shapes
    - MaterialComponents/TextFields
    - MaterialComponents/Typography
    - MDFInternationalization
  - "MaterialComponents/Chips+Theming (108.1.0)":
    - MaterialComponents/Chips
    - MaterialComponents/schemes/Container
    - MaterialComponents/Typography
  - MaterialComponents/CollectionCells (108.1.0):
    - MaterialComponents/CollectionLayoutAttributes
    - MaterialComponents/Ink
    - MaterialComponents/Palettes
    - MaterialComponents/private/Icons/ic_check
    - MaterialComponents/private/Icons/ic_check_circle
    - MaterialComponents/private/Icons/ic_chevron_right
    - MaterialComponents/private/Icons/ic_info
    - MaterialComponents/private/Icons/ic_radio_button_unchecked
    - MaterialComponents/private/Icons/ic_reorder
    - MaterialComponents/private/Math
    - MaterialComponents/Typography
    - MDFInternationalization
  - MaterialComponents/CollectionLayoutAttributes (108.1.0)
  - MaterialComponents/Collections (108.1.0):
    - MaterialComponents/Availability
    - MaterialComponents/CollectionCells
    - MaterialComponents/CollectionLayoutAttributes
    - MaterialComponents/Ink
    - MaterialComponents/Palettes
    - MaterialComponents/ShadowElevations
    - MaterialComponents/ShadowLayer
    - MaterialComponents/Typography
  - MaterialComponents/Dialogs (108.1.0):
    - MaterialComponents/Buttons
    - MaterialComponents/Elevation
    - MaterialComponents/private/KeyboardWatcher
    - MaterialComponents/private/Math
    - MaterialComponents/ShadowElevations
    - MaterialComponents/ShadowLayer
    - MaterialComponents/Typography
    - MDFInternationalization
  - "MaterialComponents/Dialogs+ColorThemer (108.1.0)":
    - "MaterialComponents/Buttons+ColorThemer"
    - MaterialComponents/Dialogs
    - MaterialComponents/Themes
  - "MaterialComponents/Dialogs+Theming (108.1.0)":
    - "MaterialComponents/Buttons+Theming"
    - MaterialComponents/Dialogs
    - "MaterialComponents/Dialogs+ColorThemer"
    - "MaterialComponents/Dialogs+TypographyThemer"
    - MaterialComponents/schemes/Container
    - MaterialComponents/ShadowElevations
  - "MaterialComponents/Dialogs+TypographyThemer (108.1.0)":
    - "MaterialComponents/Buttons+TypographyThemer"
    - MaterialComponents/Dialogs
    - MaterialComponents/schemes/Typography
  - MaterialComponents/Elevation (108.1.0):
    - MaterialComponents/Availability
    - MaterialComponents/private/Color
    - MaterialComponents/private/Math
  - MaterialComponents/FeatureHighlight (108.1.0):
    - MaterialComponents/Availability
    - MaterialComponents/private/Math
    - MaterialComponents/Typography
    - MDFTextAccessibility
  - "MaterialComponents/FeatureHighlight+ColorThemer (108.1.0)":
    - MaterialComponents/FeatureHighlight
    - MaterialComponents/Themes
  - "MaterialComponents/FeatureHighlight+FeatureHighlightAccessibilityMutator (108.1.0)":
    - MaterialComponents/FeatureHighlight
    - MDFTextAccessibility
  - MaterialComponents/FlexibleHeader (108.1.0):
    - MaterialComponents/Availability
    - MaterialComponents/Elevation
    - MaterialComponents/private/Application
    - MaterialComponents/private/Math
    - MaterialComponents/private/UIMetrics
    - MaterialComponents/ShadowElevations
    - MaterialComponents/ShadowLayer
    - MDFTextAccessibility
  - "MaterialComponents/FlexibleHeader+CanAlwaysExpandToMaximumHeight (108.1.0)":
    - MaterialComponents/FlexibleHeader
  - MaterialComponents/HeaderStackView (108.1.0)
  - "MaterialComponents/HeaderStackView+ColorThemer (108.1.0)":
    - MaterialComponents/HeaderStackView
    - MaterialComponents/Themes
  - MaterialComponents/Ink (108.1.0):
    - MaterialComponents/Availability
    - MaterialComponents/private/Color
    - MaterialComponents/private/Math
  - MaterialComponents/LibraryInfo (108.1.0)
  - MaterialComponents/List (108.1.0):
    - MaterialComponents/Elevation
    - MaterialComponents/Ink
    - MaterialComponents/private/Math
    - MaterialComponents/Ripple
    - MaterialComponents/ShadowElevations
    - MaterialComponents/ShadowLayer
    - MaterialComponents/Typography
    - MDFInternationalization
  - "MaterialComponents/List+Theming (108.1.0)":
    - MaterialComponents/List
    - MaterialComponents/schemes/Container
  - MaterialComponents/NavigationBar (108.1.0):
    - MaterialComponents/ButtonBar
    - MaterialComponents/Elevation
    - MaterialComponents/private/Math
    - MaterialComponents/Typography
    - MDFInternationalization
    - MDFTextAccessibility
  - "MaterialComponents/NavigationBar+ColorThemer (108.1.0)":
    - MaterialComponents/NavigationBar
    - MaterialComponents/schemes/Color
  - "MaterialComponents/NavigationBar+TypographyThemer (108.1.0)":
    - MaterialComponents/NavigationBar
    - MaterialComponents/schemes/Typography
  - MaterialComponents/NavigationDrawer (108.1.0):
    - MaterialComponents/Elevation
    - MaterialComponents/Palettes
    - MaterialComponents/private/Math
    - MaterialComponents/private/UIMetrics
    - MaterialComponents/ShadowLayer
  - "MaterialComponents/NavigationDrawer+ColorThemer (108.1.0)":
    - MaterialComponents/NavigationDrawer
    - MaterialComponents/schemes/Color
  - MaterialComponents/OverlayWindow (108.1.0):
    - MaterialComponents/Availability
    - MaterialComponents/private/Application
  - MaterialComponents/PageControl (108.1.0):
    - MDFInternationalization
  - MaterialComponents/Palettes (108.1.0)
  - MaterialComponents/private (108.1.0):
    - MaterialComponents/private/Application (= 108.1.0)
    - MaterialComponents/private/Color (= 108.1.0)
    - MaterialComponents/private/Icons (= 108.1.0)
    - MaterialComponents/private/KeyboardWatcher (= 108.1.0)
    - MaterialComponents/private/Math (= 108.1.0)
    - MaterialComponents/private/Overlay (= 108.1.0)
    - "MaterialComponents/private/TextControlsPrivate+BaseStyle (= 108.1.0)"
    - "MaterialComponents/private/TextControlsPrivate+FilledStyle (= 108.1.0)"
    - "MaterialComponents/private/TextControlsPrivate+OutlinedStyle (= 108.1.0)"
    - "MaterialComponents/private/TextControlsPrivate+Shared (= 108.1.0)"
    - MaterialComponents/private/ThumbTrack (= 108.1.0)
    - MaterialComponents/private/UIMetrics (= 108.1.0)
  - MaterialComponents/private/Application (108.1.0)
  - MaterialComponents/private/Color (108.1.0):
    - MaterialComponents/Availability
  - MaterialComponents/private/Icons (108.1.0):
    - MaterialComponents/private/Icons/Base (= 108.1.0)
    - MaterialComponents/private/Icons/ic_arrow_back (= 108.1.0)
    - MaterialComponents/private/Icons/ic_check (= 108.1.0)
    - MaterialComponents/private/Icons/ic_check_circle (= 108.1.0)
    - MaterialComponents/private/Icons/ic_chevron_right (= 108.1.0)
    - MaterialComponents/private/Icons/ic_color_lens (= 108.1.0)
    - MaterialComponents/private/Icons/ic_help_outline (= 108.1.0)
    - MaterialComponents/private/Icons/ic_info (= 108.1.0)
    - MaterialComponents/private/Icons/ic_more_horiz (= 108.1.0)
    - MaterialComponents/private/Icons/ic_radio_button_unchecked (= 108.1.0)
    - MaterialComponents/private/Icons/ic_reorder (= 108.1.0)
    - MaterialComponents/private/Icons/ic_settings (= 108.1.0)
  - MaterialComponents/private/Icons/Base (108.1.0)
  - MaterialComponents/private/Icons/ic_arrow_back (108.1.0):
    - MaterialComponents/private/Icons/Base
  - MaterialComponents/private/Icons/ic_check (108.1.0):
    - MaterialComponents/private/Icons/Base
  - MaterialComponents/private/Icons/ic_check_circle (108.1.0):
    - MaterialComponents/private/Icons/Base
  - MaterialComponents/private/Icons/ic_chevron_right (108.1.0):
    - MaterialComponents/private/Icons/Base
  - MaterialComponents/private/Icons/ic_color_lens (108.1.0):
    - MaterialComponents/private/Icons/Base
  - MaterialComponents/private/Icons/ic_help_outline (108.1.0):
    - MaterialComponents/private/Icons/Base
  - MaterialComponents/private/Icons/ic_info (108.1.0):
    - MaterialComponents/private/Icons/Base
  - MaterialComponents/private/Icons/ic_more_horiz (108.1.0):
    - MaterialComponents/private/Icons/Base
  - MaterialComponents/private/Icons/ic_radio_button_unchecked (108.1.0):
    - MaterialComponents/private/Icons/Base
  - MaterialComponents/private/Icons/ic_reorder (108.1.0):
    - MaterialComponents/private/Icons/Base
  - MaterialComponents/private/Icons/ic_settings (108.1.0):
    - MaterialComponents/private/Icons/Base
  - MaterialComponents/private/KeyboardWatcher (108.1.0):
    - MaterialComponents/private/Application
  - MaterialComponents/private/Math (108.1.0)
  - MaterialComponents/private/Overlay (108.1.0)
  - "MaterialComponents/private/TextControlsPrivate+BaseStyle (108.1.0)":
    - MaterialComponents/AnimationTiming
    - MaterialComponents/private/Math
    - "MaterialComponents/private/TextControlsPrivate+Shared"
  - "MaterialComponents/private/TextControlsPrivate+FilledStyle (108.1.0)":
    - MaterialComponents/AnimationTiming
    - MaterialComponents/Availability
    - MaterialComponents/private/Math
    - "MaterialComponents/private/TextControlsPrivate+Shared"
  - "MaterialComponents/private/TextControlsPrivate+OutlinedStyle (108.1.0)":
    - MaterialComponents/AnimationTiming
    - MaterialComponents/Availability
    - MaterialComponents/private/Math
    - "MaterialComponents/private/TextControlsPrivate+Shared"
  - "MaterialComponents/private/TextControlsPrivate+Shared (108.1.0)":
    - MaterialComponents/AnimationTiming
    - MaterialComponents/private/Math
    - "MaterialComponents/TextControls+Enums"
  - MaterialComponents/private/ThumbTrack (108.1.0):
    - MaterialComponents/Availability
    - MaterialComponents/Ink
    - MaterialComponents/private/Math
    - MaterialComponents/Ripple
    - MaterialComponents/ShadowElevations
    - MaterialComponents/ShadowLayer
    - MaterialComponents/Typography
    - MDFInternationalization
  - MaterialComponents/private/UIMetrics (108.1.0):
    - MaterialComponents/private/Application
  - MaterialComponents/ProgressView (108.1.0):
    - MaterialComponents/Palettes
    - MaterialComponents/private/Math
    - MDFInternationalization
  - "MaterialComponents/ProgressView+Theming (108.1.0)":
    - MaterialComponents/ProgressView
    - MaterialComponents/schemes/Container
  - MaterialComponents/Ripple (108.1.0):
    - MaterialComponents/AnimationTiming
    - MaterialComponents/Availability
    - MaterialComponents/private/Color
    - MaterialComponents/private/Math
  - MaterialComponents/schemes (108.1.0):
    - MaterialComponents/schemes/Color (= 108.1.0)
    - MaterialComponents/schemes/Container (= 108.1.0)
    - MaterialComponents/schemes/Shape (= 108.1.0)
    - MaterialComponents/schemes/Typography (= 108.1.0)
    - "MaterialComponents/schemes/Typography+BasicFontScheme (= 108.1.0)"
    - "MaterialComponents/schemes/Typography+Scheming (= 108.1.0)"
  - MaterialComponents/schemes/Color (108.1.0):
    - MaterialComponents/Availability
    - MaterialComponents/private/Color
  - MaterialComponents/schemes/Container (108.1.0):
    - MaterialComponents/schemes/Color
    - MaterialComponents/schemes/Shape
    - MaterialComponents/schemes/Typography
  - MaterialComponents/schemes/Shape (108.1.0):
    - MaterialComponents/ShapeLibrary
    - MaterialComponents/Shapes
  - MaterialComponents/schemes/Typography (108.1.0):
    - "MaterialComponents/schemes/Typography+BasicFontScheme"
    - "MaterialComponents/schemes/Typography+Scheming"
    - MaterialComponents/Typography
  - "MaterialComponents/schemes/Typography+BasicFontScheme (108.1.0)"
  - "MaterialComponents/schemes/Typography+Scheming (108.1.0)"
  - MaterialComponents/ShadowElevations (108.1.0)
  - MaterialComponents/ShadowLayer (108.1.0):
    - MaterialComponents/ShadowElevations
  - MaterialComponents/ShapeLibrary (108.1.0):
    - MaterialComponents/private/Math
    - MaterialComponents/Shapes
  - MaterialComponents/Shapes (108.1.0):
    - MaterialComponents/private/Color
    - MaterialComponents/private/Math
    - MaterialComponents/ShadowLayer
  - MaterialComponents/Slider (108.1.0):
    - MaterialComponents/Elevation
    - MaterialComponents/Palettes
    - MaterialComponents/private/Math
    - MaterialComponents/private/ThumbTrack
    - MaterialComponents/ShadowElevations
  - "MaterialComponents/Slider+ColorThemer (108.1.0)":
    - MaterialComponents/Palettes
    - MaterialComponents/schemes/Color
    - MaterialComponents/Slider
  - MaterialComponents/Snackbar (108.1.0):
    - MaterialComponents/AnimationTiming
    - MaterialComponents/Availability
    - MaterialComponents/Buttons
    - MaterialComponents/Elevation
    - MaterialComponents/OverlayWindow
    - MaterialComponents/private/Application
    - MaterialComponents/private/KeyboardWatcher
    - MaterialComponents/private/Math
    - MaterialComponents/private/Overlay
    - MaterialComponents/ShadowElevations
    - MaterialComponents/ShadowLayer
    - MaterialComponents/Typography
  - "MaterialComponents/Snackbar+FontThemer (108.1.0)":
    - MaterialComponents/Snackbar
    - MaterialComponents/Themes
  - "MaterialComponents/Snackbar+TypographyThemer (108.1.0)":
    - MaterialComponents/schemes/Typography
    - MaterialComponents/Snackbar
  - MaterialComponents/Tabs (108.1.0):
    - MaterialComponents/AnimationTiming
    - MaterialComponents/Elevation
    - MaterialComponents/Ink
    - MaterialComponents/Palettes
    - MaterialComponents/private/Math
    - MaterialComponents/Ripple
    - MaterialComponents/ShadowElevations
    - MaterialComponents/ShadowLayer
    - MaterialComponents/Typography
    - MDFInternationalization
  - "MaterialComponents/Tabs+Theming (108.1.0)":
    - MaterialComponents/schemes/Container
    - MaterialComponents/Tabs
    - "MaterialComponents/Tabs+TypographyThemer"
  - "MaterialComponents/Tabs+TypographyThemer (108.1.0)":
    - MaterialComponents/schemes/Typography
    - MaterialComponents/Tabs
  - "MaterialComponents/TextControls+BaseTextAreas (108.1.0)":
    - "MaterialComponents/private/TextControlsPrivate+BaseStyle"
    - "MaterialComponents/private/TextControlsPrivate+Shared"
    - MDFInternationalization
  - "MaterialComponents/TextControls+BaseTextFields (108.1.0)":
    - "MaterialComponents/private/TextControlsPrivate+BaseStyle"
    - "MaterialComponents/private/TextControlsPrivate+Shared"
    - MDFInternationalization
  - "MaterialComponents/TextControls+Enums (108.1.0)"
  - "MaterialComponents/TextControls+FilledTextAreas (108.1.0)":
    - MaterialComponents/Availability
    - "MaterialComponents/private/TextControlsPrivate+FilledStyle"
    - "MaterialComponents/TextControls+BaseTextAreas"
  - "MaterialComponents/TextControls+FilledTextAreasTheming (108.1.0)":
    - MaterialComponents/schemes/Container
    - "MaterialComponents/TextControls+FilledTextAreas"
  - "MaterialComponents/TextControls+FilledTextFields (108.1.0)":
    - MaterialComponents/Availability
    - "MaterialComponents/private/TextControlsPrivate+FilledStyle"
    - "MaterialComponents/TextControls+BaseTextFields"
  - "MaterialComponents/TextControls+FilledTextFieldsTheming (108.1.0)":
    - MaterialComponents/schemes/Container
    - "MaterialComponents/TextControls+FilledTextFields"
  - "MaterialComponents/TextControls+OutlinedTextAreas (108.1.0)":
    - MaterialComponents/Availability
    - "MaterialComponents/private/TextControlsPrivate+OutlinedStyle"
    - "MaterialComponents/TextControls+BaseTextAreas"
  - "MaterialComponents/TextControls+OutlinedTextAreasTheming (108.1.0)":
    - MaterialComponents/schemes/Container
    - "MaterialComponents/TextControls+OutlinedTextAreas"
  - "MaterialComponents/TextControls+OutlinedTextFields (108.1.0)":
    - MaterialComponents/Availability
    - "MaterialComponents/private/TextControlsPrivate+OutlinedStyle"
    - "MaterialComponents/TextControls+BaseTextFields"
  - "MaterialComponents/TextControls+OutlinedTextFieldsTheming (108.1.0)":
    - MaterialComponents/schemes/Container
    - "MaterialComponents/TextControls+OutlinedTextFields"
  - MaterialComponents/TextFields (108.1.0):
    - MaterialComponents/AnimationTiming
    - MaterialComponents/Buttons
    - MaterialComponents/Elevation
    - MaterialComponents/Palettes
    - MaterialComponents/private/Math
    - MaterialComponents/Typography
    - MDFInternationalization
  - "MaterialComponents/TextFields+ColorThemer (108.1.0)":
    - MaterialComponents/TextFields
    - MaterialComponents/Themes
  - "MaterialComponents/TextFields+Theming (108.1.0)":
    - MaterialComponents/schemes/Container
    - MaterialComponents/TextFields
    - "MaterialComponents/TextFields+ColorThemer"
  - MaterialComponents/Themes (108.1.0):
    - MaterialComponents/schemes/Color
    - MaterialComponents/schemes/Typography
  - MaterialComponents/Typography (108.1.0):
    - MaterialComponents/private/Application
    - MaterialComponents/private/Math
  - MDFInternationalization (2.0.0)
  - MDFTextAccessibility (2.0.0)
  - MotionAnimator (2.8.1):
    - MotionInterchange (~> 1.6)
  - MotionInterchange (1.6.0)
  - nanopb (0.3.9011):
    - nanopb/decode (= 0.3.9011)
    - nanopb/encode (= 0.3.9011)
  - nanopb/decode (0.3.9011)
  - nanopb/encode (0.3.9011)
  - PINCache (3.0.1-beta.8):
    - PINCache/Arc-exception-safe (= 3.0.1-beta.8)
    - PINCache/Core (= 3.0.1-beta.8)
  - PINCache/Arc-exception-safe (3.0.1-beta.8):
    - PINCache/Core
  - PINCache/Core (3.0.1-beta.8):
    - PINOperation (~> 1.1.1)
  - PINOperation (1.1.2)
  - PINRemoteImage (3.0.0):
    - PINRemoteImage/PINCache (= 3.0.0)
  - PINRemoteImage/Core (3.0.0):
    - PINOperation
  - PINRemoteImage/PINCache (3.0.0):
    - PINCache (= 3.0.1-beta.8)
    - PINRemoteImage/Core
  - PromisesObjC (1.2.8)
  - Protobuf (3.11.4)

DEPENDENCIES:
  - Firebase/Analytics
  - Firebase/MLCommon
  - Firebase/MLVision
  - Firebase/MLVisionObjectDetection
  - MaterialComponents
  - PINRemoteImage

SPEC REPOS:
  trunk:
    - Firebase
    - FirebaseAnalytics
    - FirebaseCore
    - FirebaseCoreDiagnostics
    - FirebaseCoreDiagnosticsInterop
    - FirebaseInstallations
    - FirebaseInstanceID
    - FirebaseMLCommon
    - FirebaseMLVision
    - FirebaseMLVisionObjectDetection
    - GoogleAPIClientForREST
    - GoogleAppMeasurement
    - GoogleDataTransport
    - GoogleDataTransportCCTSupport
    - GoogleToolboxForMac
    - GoogleUtilities
    - GTMSessionFetcher
    - MaterialComponents
    - MDFInternationalization
    - MDFTextAccessibility
    - MotionAnimator
    - MotionInterchange
    - nanopb
    - PINCache
    - PINOperation
    - PINRemoteImage
    - PromisesObjC
    - Protobuf

SPEC CHECKSUMS:
  Firebase: 32f9520684e87c7af3f0704f7f88042626d6b536
  FirebaseAnalytics: 83f822fd0d33a46f49f89b8c3ab16ab4d89df08a
  FirebaseCore: 9aca0f1fffb405176ba15311a5621fcde4106fcf
  FirebaseCoreDiagnostics: 13a6564cd6d5375066bbc8940cc1753af24497f3
  FirebaseCoreDiagnosticsInterop: 296e2c5f5314500a850ad0b83e9e7c10b011a850
  FirebaseInstallations: acb3216eb9784d3b1d2d2d635ff74fa892cc0c44
  FirebaseInstanceID: 4b87a9a75ef628a53bb5de46e4d4cecfcce88c02
  FirebaseMLCommon: 074a67e05122b1c9f6401a4e33b2cea3b4efd224
  FirebaseMLVision: 7a456009787690e3b53436092ae9b635563de8f3
  FirebaseMLVisionObjectDetection: 63472fa09c90cfaec1cdf74d5fe28114beacecb2
  GoogleAPIClientForREST: 0f19a8280dfe6471f76016645d26eb5dae305101
  GoogleAppMeasurement: e49be3954045b17d046f271b9cc1ec052bad9702
  GoogleDataTransport: 6ffa4dd0b6d547f8d27b91bd92fa9e197a3f5f1f
  GoogleDataTransportCCTSupport: 2d7e609f8c5af1a33d7d59053e6f8cba59365df5
  GoogleToolboxForMac: 800648f8b3127618c1b59c7f97684427630c5ea3
  GoogleUtilities: ad0f3b691c67909d03a3327cc205222ab8f42e0e
  GTMSessionFetcher: cea130bbfe5a7edc8d06d3f0d17288c32ffe9925
  MaterialComponents: d1c85bdf01caed6b6e11e78731e71e2d55d331da
  MDFInternationalization: 010097556d6b09d2c4ea38e0820ea6d37be6a314
  MDFTextAccessibility: 85c09a1bd9c321f494348e632a25063bcda35a53
  MotionAnimator: ee16aa30567c5bae0fb2750c132915829cfaaf8a
  MotionInterchange: ead0e3ae1f3a5fb539e289debbc7ae036160a10d
  nanopb: 18003b5e52dab79db540fe93fe9579f399bd1ccd
  PINCache: 534fd41d358d828dfdf227a0d327f3673a65e20b
  PINOperation: 24b774353ca248fcf87d67b2d61eef42087c125a
  PINRemoteImage: e2b89e19fb6e77ffc099f9d9f3b3fe1745e3f9f9
  PromisesObjC: c119f3cd559f50b7ae681fa59dc1acd19173b7e6
  Protobuf: 176220c526ad8bd09ab1fb40a978eac3fef665f7

PODFILE CHECKSUM: f6bc8937e469bf2423fd82e97371a31d44e05032

COCOAPODS: 1.9.1
